{
    "_meta": {
        "hash": {
            "sha256": "7b0acbe76ee7cae75c28f337f0b255a9a5bf29a80a7edb2d7fdd2cfaa3538d34"
        },
        "pipfile-spec": 6,
        "requires": {
            "python_version": "3.8"
        },
        "sources": [
            {
                "name": "pypi",
                "url": "https://pypi.org/simple",
                "verify_ssl": true
            }
        ]
    },
    "default": {
        "attrs": {
            "hashes": [
                "sha256:29adc2665447e5191d0e7c568fde78b21f9672d344281d0c6e1ab085429b22b6",
                "sha256:86efa402f67bf2df34f51a335487cf46b1ec130d02b8d39fd248abfd30da551c"
            ],
            "markers": "python_version >= '3.5'",
            "version": "==22.1.0"
        },
        "cocotb": {
            "hashes": [
                "sha256:0c1687ac78141724b8529e029ee6299698ecaa8a2c431b744eeff487a4bb18de",
                "sha256:163e5262020cc21f6a0391fb4727c9ab3ecbf6ee12a1472c8f7320b3ba211a50",
                "sha256:170cf4d01c4d7c6c5b141ffc1824e846a6c8adbed553a50984cd522c1dddb111",
                "sha256:1851ac56eed7bb6c745aabfc0e417195cb4f08b5df50846c04eb77a868bfeaba",
                "sha256:1abffb36183b07469c490836c66d8b9e24fc1bec7c27356818618a6719fabd4b",
                "sha256:33be79f048f4072240668a079d2bcebd1a24611a0a1e55439b65ffa0ff077790",
                "sha256:34ab1bf3f18476724dd4e21dbcc0e060e813eb502abe155b800084fb6945360c",
                "sha256:360019f74270661d14e9caa8103e740a070cb466ab08376a565ec0ef4c13dbbf",
                "sha256:37ddb79f4ab60d2d2dc5a9db5bf767d226eb4978fd15b84dfb968d31ab2fcda5",
                "sha256:43f5af578803e5726b5c75421c0e35e54021ab423d3aa4efe930feb740d6479d",
                "sha256:4738f36b9730cc05b74ccba3648dba0455cf9f237abf822ef307a274a29474c2",
                "sha256:4aa5d73ebdb59ef24cef36a1f8cca11dcecb3ee7b71a84df02751020bc67ea77",
                "sha256:574d21501ff1a3d36889397cd58a18d102d0e40391aa7a0274b600d1cc4c7dc3",
                "sha256:69f4e539dd308c9e169ab23135138ec397061b700f209803a6022ae9fbe08933",
                "sha256:6f289ac00f4884046ec64db7006e47b1c857a36dcd2a80ea0873cbff00248368",
                "sha256:707f795a17679b4653a50bd4094536a46fbfee5c6e3d951fac4320ee211ad13f",
                "sha256:7828e22946f128aa59cb9254de4037b99e3bd5a51fe8f590cf64a3141d742a37",
                "sha256:82f694da656a699154b15ee28be3ac39c41a71d33985313deda12a3645f8b3db",
                "sha256:959892eb94bd0b3ff40e0fca51d33a3936416deb853e2bac4f7f766b40002650",
                "sha256:a7ec6a2d212c27ec46bed17a15d60b7b29cd0f734f11cc16d2cb4d3f6136e133",
                "sha256:a90c77f4bbfdf73aa16093dfe95c68af1a1ca685ebfa525f3f150eab252f6728",
                "sha256:b288a59fa8dffc1cbc53105e71e2f8c82421081b17282e41319832654b309477",
                "sha256:c41cc8d4ece57f5e26076cd12f1e11d464d7f118fdb74b958269535185d99a30",
                "sha256:c8dce91d2a918ee63338d79b08e3d52f1d2797efd9c2bedd13c33d674f730db8",
                "sha256:d26a8a40cea61f295be04b1164a5dd9ec873f13a39814ad00efec7fd899320e0",
                "sha256:d80b3baafff1a8a91ac860023c448c603767bed502258160a5cb6029976fec4f",
                "sha256:dcf5354268f16d9e11e05cf3616172ca5ef503b45567f75ebd96a0bfdb9832d1",
                "sha256:ded849360fb31746f1ba3a994f89c3bba2466ec2d0b4b5da0030645645f938d4",
                "sha256:e03df73573aec261447602904bd66927eeb2f00dd24370dc9a57f47fd42c4d70",
                "sha256:f97c2eb92cb68831f19b82ba0038ce40fa73c5edbffb7930745edac20c5358d1",
                "sha256:fa8abed5260baf4306fbfb997c8789fe24bc229cd762b12d7dba0b9c20147b1d"
            ],
            "index": "pypi",
            "version": "==1.7.2"
        },
        "exceptiongroup": {
            "hashes": [
                "sha256:542adf9dea4055530d6e1279602fa5cb11dab2395fa650b8674eaec35fc4a828",
                "sha256:bd14967b79cd9bdb54d97323216f8fdf533e278df937aa2a90089e7d6e06e5ec"
            ],
            "markers": "python_version < '3.11'",
            "version": "==1.0.4"
        },
        "find-libpython": {
            "hashes": [
                "sha256:6e7fe5d9af7fad6dc066cb5515a0e9c90a71f1feb2bb2f8e4cdbb4f83276e9e5",
                "sha256:93fa14c8d007a7f9e6b650a486e249b49f01fd8d45b83ecf080a78b1a7011214"
            ],
            "version": "==0.3.0"
        },
        "galois": {
            "hashes": [
                "sha256:5a51b2d3ff49beb4f3fe7b6bf0b0c5bed64220133e4d51e683c5a6c6b220f803",
                "sha256:e0ca0f275948c10188841de589399035c3a110e7bb47b90d1483515a25df5428"
            ],
            "index": "pypi",
            "version": "==0.2.0"
        },
        "importlib-metadata": {
            "hashes": [
                "sha256:da31db32b304314d044d3c12c79bd59e307889b287ad12ff387b3500835fc2ab",
                "sha256:ddb0e35065e8938f867ed4928d0ae5bf2a53b7773871bfe6bcc7e4fcdc7dea43"
            ],
            "markers": "python_version < '3.9'",
            "version": "==5.0.0"
        },
        "iniconfig": {
            "hashes": [
                "sha256:011e24c64b7f47f6ebd835bb12a743f2fbe9a26d4cecaa7f53bc4f35ee9da8b3",
                "sha256:bc3af051d7d14b2ee5ef9969666def0cd1a000e121eaea580d4a313df4b37f32"
            ],
            "version": "==1.1.1"
        },
        "llvmlite": {
            "hashes": [
                "sha256:03aee0ccd81735696474dc4f8b6be60774892a2929d6c05d093d17392c237f32",
                "sha256:1578f5000fdce513712e99543c50e93758a954297575610f48cb1fd71b27c08a",
                "sha256:16f56eb1eec3cda3a5c526bc3f63594fc24e0c8d219375afeb336f289764c6c7",
                "sha256:1ec3d70b3e507515936e475d9811305f52d049281eaa6c8273448a61c9b5b7e2",
                "sha256:22d36591cd5d02038912321d9ab8e4668e53ae2211da5523f454e992b5e13c36",
                "sha256:3803f11ad5f6f6c3d2b545a303d68d9fabb1d50e06a8d6418e6fcd2d0df00959",
                "sha256:39dc2160aed36e989610fc403487f11b8764b6650017ff367e45384dff88ffbf",
                "sha256:3fc14e757bc07a919221f0cbaacb512704ce5774d7fcada793f1996d6bc75f2a",
                "sha256:4c6ebace910410daf0bebda09c1859504fc2f33d122e9a971c4c349c89cca630",
                "sha256:50aea09a2b933dab7c9df92361b1844ad3145bfb8dd2deb9cd8b8917d59306fb",
                "sha256:60f8dd1e76f47b3dbdee4b38d9189f3e020d22a173c00f930b52131001d801f9",
                "sha256:62c0ea22e0b9dffb020601bb65cb11dd967a095a488be73f07d8867f4e327ca5",
                "sha256:6546bed4e02a1c3d53a22a0bced254b3b6894693318b16c16c8e43e29d6befb6",
                "sha256:6717c7a6e93c9d2c3d07c07113ec80ae24af45cde536b34363d4bcd9188091d9",
                "sha256:7ebf1eb9badc2a397d4f6a6c8717447c81ac011db00064a00408bc83c923c0e4",
                "sha256:9ffc84ade195abd4abcf0bd3b827b9140ae9ef90999429b9ea84d5df69c9058c",
                "sha256:a3f331a323d0f0ada6b10d60182ef06c20a2f01be21699999d204c5750ffd0b4",
                "sha256:b1a0bbdb274fb683f993198775b957d29a6f07b45d184c571ef2a721ce4388cf",
                "sha256:b43abd7c82e805261c425d50335be9a6c4f84264e34d6d6e475207300005d572",
                "sha256:c0f158e4708dda6367d21cf15afc58de4ebce979c7a1aa2f6b977aae737e2a54",
                "sha256:d0bfd18c324549c0fec2c5dc610fd024689de6f27c6cc67e4e24a07541d6e49b",
                "sha256:ddab526c5a2c4ccb8c9ec4821fcea7606933dc53f510e2a6eebb45a418d3488a",
                "sha256:e172c73fccf7d6db4bd6f7de963dedded900d1a5c6778733241d878ba613980e",
                "sha256:e2c00ff204afa721b0bb9835b5bf1ba7fba210eefcec5552a9e05a63219ba0dc",
                "sha256:e31f4b799d530255aaf0566e3da2df5bfc35d3cd9d6d5a3dcc251663656c27b1",
                "sha256:e4f212c018db951da3e1dc25c2651abc688221934739721f2dad5ff1dd5f90e7",
                "sha256:fa9b26939ae553bf30a9f5c4c754db0fb2d2677327f2511e674aa2f5df941789",
                "sha256:fb62fc7016b592435d3e3a8f680e3ea8897c3c9e62e6e6cc58011e7a4801439e"
            ],
            "markers": "python_version >= '3.7'",
            "version": "==0.39.1"
        },
        "numba": {
            "hashes": [
                "sha256:0240f9026b015e336069329839208ebd70ec34ae5bfbf402e4fcc8e06197528e",
                "sha256:03634579d10a6129181129de293dd6b5eaabee86881369d24d63f8fe352dd6cb",
                "sha256:03fe94cd31e96185cce2fae005334a8cc712fc2ba7756e52dff8c9400718173f",
                "sha256:0611e6d3eebe4cb903f1a836ffdb2bda8d18482bcd0a0dcc56e79e2aa3fefef5",
                "sha256:0da583c532cd72feefd8e551435747e0e0fbb3c0530357e6845fcc11e38d6aea",
                "sha256:14dbbabf6ffcd96ee2ac827389afa59a70ffa9f089576500434c34abf9b054a4",
                "sha256:32d9fef412c81483d7efe0ceb6cf4d3310fde8b624a9cecca00f790573ac96ee",
                "sha256:3a993349b90569518739009d8f4b523dfedd7e0049e6838c0e17435c3e70dcc4",
                "sha256:3cb1a07a082a61df80a468f232e452d818f5ae254b40c26390054e4e868556e0",
                "sha256:42f9e1be942b215df7e6cc9948cf9c15bb8170acc8286c063a9e57994ef82fd1",
                "sha256:4373da9757049db7c90591e9ec55a2e97b2b36ba7ae3bf9c956a513374077470",
                "sha256:4e08e203b163ace08bad500b0c16f6092b1eb34fd1fce4feaf31a67a3a5ecf3b",
                "sha256:553da2ce74e8862e18a72a209ed3b6d2924403bdd0fb341fa891c6455545ba7c",
                "sha256:720886b852a2d62619ae3900fe71f1852c62db4f287d0c275a60219e1643fc04",
                "sha256:85dbaed7a05ff96492b69a8900c5ba605551afb9b27774f7f10511095451137c",
                "sha256:8a95ca9cc77ea4571081f6594e08bd272b66060634b8324e99cd1843020364f9",
                "sha256:91f021145a8081f881996818474ef737800bcc613ffb1e618a655725a0f9e246",
                "sha256:9f62672145f8669ec08762895fe85f4cf0ead08ce3164667f2b94b2f62ab23c3",
                "sha256:a12ef323c0f2101529d455cfde7f4135eaa147bad17afe10b48634f796d96abd",
                "sha256:c602d015478b7958408d788ba00a50272649c5186ea8baa6cf71d4a1c761bba1",
                "sha256:c75e8a5f810ce80a0cfad6e74ee94f9fde9b40c81312949bf356b7304ef20740",
                "sha256:d0ae9270a7a5cc0ede63cd234b4ff1ce166c7a749b91dbbf45e0000c56d3eade",
                "sha256:d69ad934e13c15684e7887100a8f5f0f61d7a8e57e0fd29d9993210089a5b531",
                "sha256:dbcc847bac2d225265d054993a7f910fda66e73d6662fe7156452cac0325b073",
                "sha256:e64d338b504c9394a4a34942df4627e1e6cb07396ee3b49fe7b8d6420aa5104f",
                "sha256:f4cfc3a19d1e26448032049c79fc60331b104f694cf570a9e94f4e2c9d0932bb",
                "sha256:fbfb45e7b297749029cb28694abf437a78695a100e7c2033983d69f0ba2698d4",
                "sha256:fcdf84ba3ed8124eb7234adfbb8792f311991cbf8aed1cad4b1b1a7ee08380c1"
            ],
            "markers": "python_version >= '3.7'",
            "version": "==0.56.4"
        },
        "numpy": {
            "hashes": [
                "sha256:0fe563fc8ed9dc4474cbf70742673fc4391d70f4363f917599a7fa99f042d5a8",
                "sha256:12ac457b63ec8ded85d85c1e17d85efd3c2b0967ca39560b307a35a6703a4735",
                "sha256:2341f4ab6dba0834b685cce16dad5f9b6606ea8a00e6da154f5dbded70fdc4dd",
                "sha256:296d17aed51161dbad3c67ed6d164e51fcd18dbcd5dd4f9d0a9c6055dce30810",
                "sha256:488a66cb667359534bc70028d653ba1cf307bae88eab5929cd707c761ff037db",
                "sha256:4d52914c88b4930dafb6c48ba5115a96cbab40f45740239d9f4159c4ba779962",
                "sha256:5e13030f8793e9ee42f9c7d5777465a560eb78fa7e11b1c053427f2ccab90c79",
                "sha256:61be02e3bf810b60ab74e81d6d0d36246dbfb644a462458bb53b595791251911",
                "sha256:7607b598217745cc40f751da38ffd03512d33ec06f3523fb0b5f82e09f6f676d",
                "sha256:7a70a7d3ce4c0e9284e92285cba91a4a3f5214d87ee0e95928f3614a256a1488",
                "sha256:7ab46e4e7ec63c8a5e6dbf5c1b9e1c92ba23a7ebecc86c336cb7bf3bd2fb10e5",
                "sha256:8981d9b5619569899666170c7c9748920f4a5005bf79c72c07d08c8a035757b0",
                "sha256:8c053d7557a8f022ec823196d242464b6955a7e7e5015b719e76003f63f82d0f",
                "sha256:926db372bc4ac1edf81cfb6c59e2a881606b409ddc0d0920b988174b2e2a767f",
                "sha256:95d79ada05005f6f4f337d3bb9de8a7774f259341c70bc88047a1f7b96a4bcb2",
                "sha256:95de7dc7dc47a312f6feddd3da2500826defdccbc41608d0031276a24181a2c0",
                "sha256:a0882323e0ca4245eb0a3d0a74f88ce581cc33aedcfa396e415e5bba7bf05f68",
                "sha256:a8365b942f9c1a7d0f0dc974747d99dd0a0cdfc5949a33119caf05cb314682d3",
                "sha256:a8aae2fb3180940011b4862b2dd3756616841c53db9734b27bb93813cd79fce6",
                "sha256:c237129f0e732885c9a6076a537e974160482eab8f10db6292e92154d4c67d71",
                "sha256:c67b833dbccefe97cdd3f52798d430b9d3430396af7cdb2a0c32954c3ef73894",
                "sha256:ce03305dd694c4873b9429274fd41fc7eb4e0e4dea07e0af97a933b079a5814f",
                "sha256:d331afac87c92373826af83d2b2b435f57b17a5c74e6268b79355b970626e329",
                "sha256:dada341ebb79619fe00a291185bba370c9803b1e1d7051610e01ed809ef3a4ba",
                "sha256:ed2cc92af0efad20198638c69bb0fc2870a58dabfba6eb722c933b48556c686c",
                "sha256:f260da502d7441a45695199b4e7fd8ca87db659ba1c78f2bbf31f934fe76ae0e",
                "sha256:f2f390aa4da44454db40a1f0201401f9036e8d578a25f01a6e237cea238337ef",
                "sha256:f76025acc8e2114bb664294a07ede0727aa75d63a06d2fae96bf29a81747e4a7"
            ],
            "markers": "python_version >= '3.8'",
            "version": "==1.23.4"
        },
        "packaging": {
            "hashes": [
                "sha256:dd47c42927d89ab911e606518907cc2d3a1f38bbd026385970643f9c5b8ecfeb",
                "sha256:ef103e05f519cdc783ae24ea4e2e0f508a9c99b2d4969652eed6a2e1ea5bd522"
            ],
            "markers": "python_version >= '3.6'",
            "version": "==21.3"
        },
        "pluggy": {
            "hashes": [
                "sha256:4224373bacce55f955a878bf9cfa763c1e360858e330072059e10bad68531159",
                "sha256:74134bbf457f031a36d68416e1509f34bd5ccc019f0bcc952c7b909d06b37bd3"
            ],
            "markers": "python_version >= '3.6'",
            "version": "==1.0.0"
        },
        "pyparsing": {
            "hashes": [
                "sha256:2b020ecf7d21b687f219b71ecad3631f644a47f01403fa1d1036b0c6416d70fb",
                "sha256:5026bae9a10eeaefb61dab2f09052b9f4307d44aee4eda64b309723d8d206bbc"
            ],
            "markers": "python_full_version >= '3.6.8'",
            "version": "==3.0.9"
        },
        "pytest": {
            "hashes": [
                "sha256:892f933d339f068883b6fd5a459f03d85bfcb355e4981e146d2c7616c21fef71",
                "sha256:c4014eb40e10f11f355ad4e3c2fb2c6c6d1919c73f3b5a433de4708202cade59"
            ],
            "index": "pypi",
            "version": "==7.2.0"
        },
        "setuptools": {
            "hashes": [
                "sha256:d0b9a8433464d5800cbe05094acf5c6d52a91bfac9b52bcfc4d41382be5d5d31",
                "sha256:e197a19aa8ec9722928f2206f8de752def0e4c9fc6953527360d1c36d94ddb2f"
            ],
            "markers": "python_version >= '3.7'",
            "version": "==65.5.1"
        },
        "tomli": {
            "hashes": [
                "sha256:939de3e7a6161af0c887ef91b7d41a53e7c5a1ca976325f429cb46ea9bc30ecc",
                "sha256:de526c12914f0c550d15924c62d72abc48d6fe7364aa87328337a31007fe8a4f"
            ],
            "markers": "python_version < '3.11'",
            "version": "==2.0.1"
        },
        "typing-extensions": {
            "hashes": [
                "sha256:1511434bb92bf8dd198c12b1cc812e800d4181cfcb867674e0f8279cc93087aa",
                "sha256:16fa4864408f655d35ec496218b85f79b3437c829e93320c7c9215ccfd92489e"
            ],
            "markers": "python_version >= '3.7'",
            "version": "==4.4.0"
        },
        "zipp": {
            "hashes": [
                "sha256:4fcb6f278987a6605757302a6e40e896257570d11c51628968ccb2a47e80c6c1",
                "sha256:7a7262fd930bd3e36c50b9a64897aec3fafff3dfdeec9623ae22b40e93f99bb8"
            ],
            "markers": "python_version >= '3.7'",
            "version": "==3.10.0"
        }
    },
    "develop": {
        "black": {
            "hashes": [
                "sha256:14ff67aec0a47c424bc99b71005202045dc09270da44a27848d534600ac64fc7",
                "sha256:197df8509263b0b8614e1df1756b1dd41be6738eed2ba9e9769f3880c2b9d7b6",
                "sha256:1e464456d24e23d11fced2bc8c47ef66d471f845c7b7a42f3bd77bf3d1789650",
                "sha256:2039230db3c6c639bd84efe3292ec7b06e9214a2992cd9beb293d639c6402edb",
                "sha256:21199526696b8f09c3997e2b4db8d0b108d801a348414264d2eb8eb2532e540d",
                "sha256:2644b5d63633702bc2c5f3754b1b475378fbbfb481f62319388235d0cd104c2d",
                "sha256:432247333090c8c5366e69627ccb363bc58514ae3e63f7fc75c54b1ea80fa7de",
                "sha256:444ebfb4e441254e87bad00c661fe32df9969b2bf224373a448d8aca2132b395",
                "sha256:5b9b29da4f564ba8787c119f37d174f2b69cdfdf9015b7d8c5c16121ddc054ae",
                "sha256:5cc42ca67989e9c3cf859e84c2bf014f6633db63d1cbdf8fdb666dcd9e77e3fa",
                "sha256:5d8f74030e67087b219b032aa33a919fae8806d49c867846bfacde57f43972ef",
                "sha256:72ef3925f30e12a184889aac03d77d031056860ccae8a1e519f6cbb742736383",
                "sha256:819dc789f4498ecc91438a7de64427c73b45035e2e3680c92e18795a839ebb66",
                "sha256:915ace4ff03fdfff953962fa672d44be269deb2eaf88499a0f8805221bc68c87",
                "sha256:9311e99228ae10023300ecac05be5a296f60d2fd10fff31cf5c1fa4ca4b1988d",
                "sha256:974308c58d057a651d182208a484ce80a26dac0caef2895836a92dd6ebd725e0",
                "sha256:b8b49776299fece66bffaafe357d929ca9451450f5466e997a7285ab0fe28e3b",
                "sha256:c957b2b4ea88587b46cf49d1dc17681c1e672864fd7af32fc1e9664d572b3458",
                "sha256:e41a86c6c650bcecc6633ee3180d80a025db041a8e2398dcc059b3afa8382cd4",
                "sha256:f513588da599943e0cde4e32cc9879e825d58720d6557062d1098c5ad80080e1",
                "sha256:fba8a281e570adafb79f7755ac8721b6cf1bbf691186a287e990c7929c7692ff"
            ],
            "index": "pypi",
            "version": "==22.10.0"
        },
        "click": {
            "hashes": [
                "sha256:7682dc8afb30297001674575ea00d1814d808d6a36af415a82bd481d37ba7b8e",
                "sha256:bb4d8133cb15a609f44e8213d9b391b0809795062913b383c62be0ee95b1db48"
            ],
            "markers": "python_version >= '3.7'",
            "version": "==8.1.3"
        },
        "flake8": {
            "hashes": [
                "sha256:6fbe320aad8d6b95cec8b8e47bc933004678dc63095be98528b7bdd2a9f510db",
                "sha256:7a1cf6b73744f5806ab95e526f6f0d8c01c66d7bbe349562d22dfca20610b248"
            ],
            "index": "pypi",
            "version": "==5.0.4"
        },
        "isort": {
            "hashes": [
                "sha256:6f62d78e2f89b4500b080fe3a81690850cd254227f27f75c3a0c491a1f351ba7",
                "sha256:e8443a5e7a020e9d7f97f1d7d9cd17c88bcb3bc7e218bf9cf5095fe550be2951"
            ],
            "index": "pypi",
            "version": "==5.10.1"
        },
        "mccabe": {
            "hashes": [
                "sha256:348e0240c33b60bbdf4e523192ef919f28cb2c3d7d5c7794f74009290f236325",
                "sha256:6c2d30ab6be0e4a46919781807b4f0d834ebdd6c6e3dca0bda5a15f863427b6e"
            ],
            "markers": "python_version >= '3.6'",
            "version": "==0.7.0"
        },
        "mypy-extensions": {
            "hashes": [
                "sha256:090fedd75945a69ae91ce1303b5824f428daf5a028d2f6ab8a299250a846f15d",
                "sha256:2d82818f5bb3e369420cb3c4060a7970edba416647068eb4c5343488a6c604a8"
            ],
            "version": "==0.4.3"
        },
        "pathspec": {
            "hashes": [
                "sha256:88c2606f2c1e818b978540f73ecc908e13999c6c3a383daf3705652ae79807a5",
                "sha256:8f6bf73e5758fd365ef5d58ce09ac7c27d2833a8d7da51712eac6e27e35141b0"
            ],
            "markers": "python_version >= '3.7'",
            "version": "==0.10.2"
        },
        "platformdirs": {
            "hashes": [
                "sha256:1006647646d80f16130f052404c6b901e80ee4ed6bef6792e1f238a8969106f7",
                "sha256:af0276409f9a02373d540bf8480021a048711d572745aef4b7842dad245eba10"
            ],
            "markers": "python_version >= '3.7'",
            "version": "==2.5.4"
        },
        "pycodestyle": {
            "hashes": [
                "sha256:2c9607871d58c76354b697b42f5d57e1ada7d261c261efac224b664affdc5785",
                "sha256:d1735fc58b418fd7c5f658d28d943854f8a849b01a5d0a1e6f3f3fdd0166804b"
            ],
            "markers": "python_version >= '3.6'",
            "version": "==2.9.1"
        },
        "pyflakes": {
            "hashes": [
                "sha256:4579f67d887f804e67edb544428f264b7b24f435b263c4614f384135cea553d2",
                "sha256:491feb020dca48ccc562a8c0cbe8df07ee13078df59813b83959cbdada312ea3"
            ],
            "markers": "python_version >= '3.6'",
            "version": "==2.5.0"
        },
        "tomli": {
            "hashes": [
                "sha256:939de3e7a6161af0c887ef91b7d41a53e7c5a1ca976325f429cb46ea9bc30ecc",
                "sha256:de526c12914f0c550d15924c62d72abc48d6fe7364aa87328337a31007fe8a4f"
            ],
            "markers": "python_version < '3.11'",
            "version": "==2.0.1"
        },
        "typing-extensions": {
            "hashes": [
                "sha256:1511434bb92bf8dd198c12b1cc812e800d4181cfcb867674e0f8279cc93087aa",
                "sha256:16fa4864408f655d35ec496218b85f79b3437c829e93320c7c9215ccfd92489e"
            ],
            "markers": "python_version >= '3.7'",
            "version": "==4.4.0"
        }
    }
}
